
Microsoft Visual Studio Solution File, Format Version 12.00
# Visual Studio 15
Project("{FAE04EC0-301F-11D3-BF4B-00C04F79EFBC}") = "AstarPathfindingProject", "AstarPathfindingProject.csproj", "{CE3BB865-D4D4-47B4-6C6D-F1188B7157E0}"
EndProject
Project("{FAE04EC0-301F-11D3-BF4B-00C04F79EFBC}") = "PackageToolsEditor", "PackageToolsEditor.csproj", "{7CAF84AE-E39C-0AEC-EB7B-34D0AD7753EF}"
EndProject
Project("{FAE04EC0-301F-11D3-BF4B-00C04F79EFBC}") = "Assembly-CSharp", "Assembly-CSharp.csproj", "{9C2E4644-38B1-CE59-20B3-8CDC3930D059}"
EndProject
Project("{FAE04EC0-301F-11D3-BF4B-00C04F79EFBC}") = "AstarPathfindingProjectEditor", "AstarPathfindingProjectEditor.csproj", "{E37FD2D2-A50B-35EB-C475-89A003A73B68}"
EndProject
Global
	GlobalSection(SolutionConfigurationPlatforms) = preSolution
		Debug|Any CPU = Debug|Any CPU
		Release|Any CPU = Release|Any CPU
	EndGlobalSection
	GlobalSection(ProjectConfigurationPlatforms) = postSolution
		{CE3BB865-D4D4-47B4-6C6D-F1188B7157E0}.Debug|Any CPU.ActiveCfg = Debug|Any CPU
		{CE3BB865-D4D4-47B4-6C6D-F1188B7157E0}.Debug|Any CPU.Build.0 = Debug|Any CPU
		{CE3BB865-D4D4-47B4-6C6D-F1188B7157E0}.Release|Any CPU.ActiveCfg = Release|Any CPU
		{CE3BB865-D4D4-47B4-6C6D-F1188B7157E0}.Release|Any CPU.Build.0 = Release|Any CPU
		{7CAF84AE-E39C-0AEC-EB7B-34D0AD7753EF}.Debug|Any CPU.ActiveCfg = Debug|Any CPU
		{7CAF84AE-E39C-0AEC-EB7B-34D0AD7753EF}.Debug|Any CPU.Build.0 = Debug|Any CPU
		{7CAF84AE-E39C-0AEC-EB7B-34D0AD7753EF}.Release|Any CPU.ActiveCfg = Release|Any CPU
		{7CAF84AE-E39C-0AEC-EB7B-34D0AD7753EF}.Release|Any CPU.Build.0 = Release|Any CPU
		{9C2E4644-38B1-CE59-20B3-8CDC3930D059}.Debug|Any CPU.ActiveCfg = Debug|Any CPU
		{9C2E4644-38B1-CE59-20B3-8CDC3930D059}.Debug|Any CPU.Build.0 = Debug|Any CPU
		{9C2E4644-38B1-CE59-20B3-8CDC3930D059}.Release|Any CPU.ActiveCfg = Release|Any CPU
		{9C2E4644-38B1-CE59-20B3-8CDC3930D059}.Release|Any CPU.Build.0 = Release|Any CPU
		{E37FD2D2-A50B-35EB-C475-89A003A73B68}.Debug|Any CPU.ActiveCfg = Debug|Any CPU
		{E37FD2D2-A50B-35EB-C475-89A003A73B68}.Debug|Any CPU.Build.0 = Debug|Any CPU
		{E37FD2D2-A50B-35EB-C475-89A003A73B68}.Release|Any CPU.ActiveCfg = Release|Any CPU
		{E37FD2D2-A50B-35EB-C475-89A003A73B68}.Release|Any CPU.Build.0 = Release|Any CPU
	EndGlobalSection
	GlobalSection(SolutionProperties) = preSolution
		HideSolutionNode = FALSE
	EndGlobalSection
EndGlobal
